
Microsoft Visual Studio Solution File, Format Version 12.00
# Visual Studio Version 17
VisualStudioVersion = 17.9.34701.34
MinimumVisualStudioVersion = 10.0.40219.1
Project("{888888A0-9F3D-457C-B088-3A5042F75D52}") = "Hospital Navigator", "Hospital Navigator.pyproj", "{B9EBC524-326A-4862-A7D1-2C4F94DCEAED}"
EndProject
Global
	GlobalSection(SolutionConfigurationPlatforms) = preSolution
		Debug|Any CPU = Debug|Any CPU
		Release|Any CPU = Release|Any CPU
	EndGlobalSection
	GlobalSection(ProjectConfigurationPlatforms) = postSolution
		{B9EBC524-326A-4862-A7D1-2C4F94DCEAED}.Debug|Any CPU.ActiveCfg = Debug|Any CPU
		{B9EBC524-326A-4862-A7D1-2C4F94DCEAED}.Release|Any CPU.ActiveCfg = Release|Any CPU
	EndGlobalSection
	GlobalSection(SolutionProperties) = preSolution
		HideSolutionNode = FALSE
	EndGlobalSection
	GlobalSection(ExtensibilityGlobals) = postSolution
		SolutionGuid = {E0AF8B7E-E45D-4415-933F-FB432EF1AA4D}
	EndGlobalSection
EndGlobal
